{
    "_readme": [
        "This file locks the dependencies of your project to a known state",
        "Read more about it at https://getcomposer.org/doc/01-basic-usage.md#composer-lock-the-lock-file",
        "This file is @generated automatically"
    ],
    "hash": "bc3ff775a23657c916c4db651a0484d8",
    "content-hash": "cd5c9a99a8fdff1aaccfcc25a0f2f14e",
    "packages": [
        {
            "name": "vitexsoftware/ease-framework",
            "version": "dev-master",
            "source": {
                "type": "git",
                "url": "https://github.com/VitexSoftware/EaseFramework.git",
                "reference": "eb54b0636efab1d3eb699384c744d3106e5b7684"
            },
            "dist": {
                "type": "zip",
                "url": "https://api.github.com/repos/VitexSoftware/EaseFramework/zipball/eb54b0636efab1d3eb699384c744d3106e5b7684",
                "reference": "eb54b0636efab1d3eb699384c744d3106e5b7684",
                "shasum": ""
            },
            "require": {
                "ext-pdo": "*",
                "php": ">=5.6.0"
            },
            "require-dev": {
                "jakub-onderka/php-console-highlighter": "^0.3.2",
                "jakub-onderka/php-parallel-lint": "^0.9.2",
                "mockery/mockery": "~0.9",
                "phpunit/phpunit": "~4.0",
                "robmorgan/phinx": "* dev-master",
                "satooshi/php-coveralls": "0.6.*",
                "squizlabs/php_codesniffer": "~2.0"
            },
            "type": "library",
            "autoload": {
                "psr-4": {
                    "Ease\\": "src/Ease/",
                    "Ease\\Html\\": "src/Ease/Html",
                    "Ease\\JQuery\\": "src/Ease/JQuery",
                    "Ease\\SQL\\": "src/Ease/SQL",
                    "Ease\\TWB\\": "src/Ease/TWB"
                }
            },
            "notification-url": "https://packagist.org/downloads/",
            "license": [
                "GPL-2.0+"
            ],
            "authors": [
                {
                    "name": "Vítězslav Dvořák",
                    "email": "info@vitexsoftware.cz",
                    "homepage": "http://v.s.cz/"
                }
            ],
            "description": "An PHP Framework for Ease of writing Applications",
            "homepage": "http://v.s.cz/ease.php",
            "time": "2016-07-10 21:45:33"
        }
    ],
    "packages-dev": [
        {
            "name": "phpunit/php-token-stream",
            "version": "1.4.8",
            "source": {
                "type": "git",
                "url": "https://github.com/sebastianbergmann/php-token-stream.git",
                "reference": "3144ae21711fb6cac0b1ab4cbe63b75ce3d4e8da"
            },
            "dist": {
                "type": "zip",
                "url": "https://api.github.com/repos/sebastianbergmann/php-token-stream/zipball/3144ae21711fb6cac0b1ab4cbe63b75ce3d4e8da",
                "reference": "3144ae21711fb6cac0b1ab4cbe63b75ce3d4e8da",
                "shasum": ""
            },
            "require": {
                "ext-tokenizer": "*",
                "php": ">=5.3.3"
            },
            "require-dev": {
                "phpunit/phpunit": "~4.2"
            },
            "type": "library",
            "extra": {
                "branch-alias": {
                    "dev-master": "1.4-dev"
                }
            },
            "autoload": {
                "classmap": [
                    "src/"
                ]
            },
            "notification-url": "https://packagist.org/downloads/",
            "license": [
                "BSD-3-Clause"
            ],
            "authors": [
                {
                    "name": "Sebastian Bergmann",
                    "email": "sebastian@phpunit.de"
                }
            ],
            "description": "Wrapper around PHP's tokenizer extension.",
            "homepage": "https://github.com/sebastianbergmann/php-token-stream/",
            "keywords": [
                "tokenizer"
            ],
            "time": "2015-09-15 10:49:45"
        },
        {
            "name": "robmorgan/phinx",
            "version": "dev-master",
            "source": {
                "type": "git",
                "url": "https://github.com/robmorgan/phinx.git",
                "reference": "35c4fdc26857d02d78080f68d4973993d77bd7a8"
            },
            "dist": {
                "type": "zip",
                "url": "https://api.github.com/repos/robmorgan/phinx/zipball/35c4fdc26857d02d78080f68d4973993d77bd7a8",
                "reference": "35c4fdc26857d02d78080f68d4973993d77bd7a8",
                "shasum": ""
            },
            "require": {
                "php": ">=5.4",
                "symfony/config": "~2.8|~3.0",
                "symfony/console": "~2.8|~3.0",
                "symfony/yaml": "~2.8|~3.0"
            },
            "require-dev": {
                "phpunit/phpunit": "^4.0|^5.0"
            },
            "bin": [
                "bin/phinx"
            ],
            "type": "library",
            "autoload": {
                "psr-4": {
                    "Phinx\\": "src/Phinx"
                }
            },
            "notification-url": "https://packagist.org/downloads/",
            "license": [
                "MIT"
            ],
            "authors": [
                {
                    "name": "Woody Gilk",
                    "email": "woody.gilk@gmail.com",
                    "homepage": "http://shadowhand.me",
                    "role": "Developer"
                },
                {
                    "name": "Rob Morgan",
                    "email": "robbym@gmail.com",
                    "homepage": "https://robmorgan.id.au",
                    "role": "Lead Developer"
                },
                {
                    "name": "Richard Quadling",
                    "email": "rquadling@gmail.com",
                    "role": "Developer"
                }
            ],
            "description": "Phinx makes it ridiculously easy to manage the database migrations for your PHP app.",
            "homepage": "https://phinx.org",
            "keywords": [
                "database",
                "database migrations",
                "db",
                "migrations",
                "phinx"
            ],
            "time": "2016-06-23 15:27:01"
        },
        {
            "name": "symfony/config",
            "version": "v3.1.2",
            "source": {
                "type": "git",
                "url": "https://github.com/symfony/config.git",
                "reference": "bcf5aebabc95b56e370e13d78565f74c7d8726dc"
            },
            "dist": {
                "type": "zip",
                "url": "https://api.github.com/repos/symfony/config/zipball/bcf5aebabc95b56e370e13d78565f74c7d8726dc",
                "reference": "bcf5aebabc95b56e370e13d78565f74c7d8726dc",
                "shasum": ""
            },
            "require": {
                "php": ">=5.5.9",
                "symfony/filesystem": "~2.8|~3.0"
            },
            "suggest": {
                "symfony/yaml": "To use the yaml reference dumper"
            },
            "type": "library",
            "extra": {
                "branch-alias": {
                    "dev-master": "3.1-dev"
                }
            },
            "autoload": {
                "psr-4": {
                    "Symfony\\Component\\Config\\": ""
                },
                "exclude-from-classmap": [
                    "/Tests/"
                ]
            },
            "notification-url": "https://packagist.org/downloads/",
            "license": [
                "MIT"
            ],
            "authors": [
                {
                    "name": "Fabien Potencier",
                    "email": "fabien@symfony.com"
                },
                {
                    "name": "Symfony Community",
                    "homepage": "https://symfony.com/contributors"
                }
            ],
            "description": "Symfony Config Component",
            "homepage": "https://symfony.com",
            "time": "2016-06-29 05:41:56"
        },
        {
            "name": "symfony/console",
            "version": "v3.1.2",
            "source": {
                "type": "git",
                "url": "https://github.com/symfony/console.git",
                "reference": "747154aa69b0f83cd02fc9aa554836dee417631a"
            },
            "dist": {
                "type": "zip",
                "url": "https://api.github.com/repos/symfony/console/zipball/747154aa69b0f83cd02fc9aa554836dee417631a",
                "reference": "747154aa69b0f83cd02fc9aa554836dee417631a",
                "shasum": ""
            },
            "require": {
                "php": ">=5.5.9",
                "symfony/polyfill-mbstring": "~1.0"
            },
            "require-dev": {
                "psr/log": "~1.0",
                "symfony/event-dispatcher": "~2.8|~3.0",
                "symfony/process": "~2.8|~3.0"
            },
            "suggest": {
                "psr/log": "For using the console logger",
                "symfony/event-dispatcher": "",
                "symfony/process": ""
            },
            "type": "library",
            "extra": {
                "branch-alias": {
                    "dev-master": "3.1-dev"
                }
            },
            "autoload": {
                "psr-4": {
                    "Symfony\\Component\\Console\\": ""
                },
                "exclude-from-classmap": [
                    "/Tests/"
                ]
            },
            "notification-url": "https://packagist.org/downloads/",
            "license": [
                "MIT"
            ],
            "authors": [
                {
                    "name": "Fabien Potencier",
                    "email": "fabien@symfony.com"
                },
                {
                    "name": "Symfony Community",
                    "homepage": "https://symfony.com/contributors"
                }
            ],
            "description": "Symfony Console Component",
            "homepage": "https://symfony.com",
            "time": "2016-06-29 07:02:31"
        },
        {
            "name": "symfony/filesystem",
            "version": "v3.1.2",
            "source": {
                "type": "git",
                "url": "https://github.com/symfony/filesystem.git",
                "reference": "322da5f0910d8aa0b25fa65ffccaba68dbddb890"
            },
            "dist": {
                "type": "zip",
                "url": "https://api.github.com/repos/symfony/filesystem/zipball/322da5f0910d8aa0b25fa65ffccaba68dbddb890",
                "reference": "322da5f0910d8aa0b25fa65ffccaba68dbddb890",
                "shasum": ""
            },
            "require": {
                "php": ">=5.5.9"
            },
            "type": "library",
            "extra": {
                "branch-alias": {
                    "dev-master": "3.1-dev"
                }
            },
            "autoload": {
                "psr-4": {
                    "Symfony\\Component\\Filesystem\\": ""
                },
                "exclude-from-classmap": [
                    "/Tests/"
                ]
            },
            "notification-url": "https://packagist.org/downloads/",
            "license": [
                "MIT"
            ],
            "authors": [
                {
                    "name": "Fabien Potencier",
                    "email": "fabien@symfony.com"
                },
                {
                    "name": "Symfony Community",
                    "homepage": "https://symfony.com/contributors"
                }
            ],
            "description": "Symfony Filesystem Component",
            "homepage": "https://symfony.com",
            "time": "2016-06-29 05:41:56"
        },
        {
            "name": "symfony/polyfill-mbstring",
            "version": "v1.2.0",
            "source": {
                "type": "git",
                "url": "https://github.com/symfony/polyfill-mbstring.git",
                "reference": "dff51f72b0706335131b00a7f49606168c582594"
            },
            "dist": {
                "type": "zip",
                "url": "https://api.github.com/repos/symfony/polyfill-mbstring/zipball/dff51f72b0706335131b00a7f49606168c582594",
                "reference": "dff51f72b0706335131b00a7f49606168c582594",
                "shasum": ""
            },
            "require": {
                "php": ">=5.3.3"
            },
            "suggest": {
                "ext-mbstring": "For best performance"
            },
            "type": "library",
            "extra": {
                "branch-alias": {
                    "dev-master": "1.2-dev"
                }
            },
            "autoload": {
                "psr-4": {
                    "Symfony\\Polyfill\\Mbstring\\": ""
                },
                "files": [
                    "bootstrap.php"
                ]
            },
            "notification-url": "https://packagist.org/downloads/",
            "license": [
                "MIT"
            ],
            "authors": [
                {
                    "name": "Nicolas Grekas",
                    "email": "p@tchwork.com"
                },
                {
                    "name": "Symfony Community",
                    "homepage": "https://symfony.com/contributors"
                }
            ],
            "description": "Symfony polyfill for the Mbstring extension",
            "homepage": "https://symfony.com",
            "keywords": [
                "compatibility",
                "mbstring",
                "polyfill",
                "portable",
                "shim"
            ],
            "time": "2016-05-18 14:26:46"
        },
        {
            "name": "symfony/yaml",
            "version": "v3.1.2",
            "source": {
                "type": "git",
                "url": "https://github.com/symfony/yaml.git",
                "reference": "2884c26ce4c1d61aebf423a8b912950fe7c764de"
            },
            "dist": {
                "type": "zip",
                "url": "https://api.github.com/repos/symfony/yaml/zipball/2884c26ce4c1d61aebf423a8b912950fe7c764de",
                "reference": "2884c26ce4c1d61aebf423a8b912950fe7c764de",
                "shasum": ""
            },
            "require": {
                "php": ">=5.5.9"
            },
            "type": "library",
            "extra": {
                "branch-alias": {
                    "dev-master": "3.1-dev"
                }
            },
            "autoload": {
                "psr-4": {
                    "Symfony\\Component\\Yaml\\": ""
                },
                "exclude-from-classmap": [
                    "/Tests/"
                ]
            },
            "notification-url": "https://packagist.org/downloads/",
            "license": [
                "MIT"
            ],
            "authors": [
                {
                    "name": "Fabien Potencier",
                    "email": "fabien@symfony.com"
                },
                {
                    "name": "Symfony Community",
                    "homepage": "https://symfony.com/contributors"
                }
            ],
            "description": "Symfony Yaml Component",
            "homepage": "https://symfony.com",
            "time": "2016-06-29 05:41:56"
        }
    ],
    "aliases": [],
    "minimum-stability": "stable",
    "stability-flags": {
        "vitexsoftware/ease-framework": 20,
        "robmorgan/phinx": 20
    },
    "prefer-stable": false,
    "prefer-lowest": false,
    "platform": {
        "php": ">= 5.5.9"
    },
    "platform-dev": []
}
